// !$*UTF8*$!
{
	archiveVersion = 1;
	classes = {
	};
	objectVersion = 46;
	objects = {

/* Begin PBXBuildFile section */
		002ABCFF1D47A1F7004D306D /* Meal.swift in Sources */ = {isa = PBXBuildFile; fileRef = 002ABCFE1D47A1F7004D306D /* Meal.swift */; };
		002ABD001D47A1F7004D306D /* Meal.swift in Sources */ = {isa = PBXBuildFile; fileRef = 002ABCFE1D47A1F7004D306D /* Meal.swift */; };
		002ABD041D47C178004D306D /* MealTableViewCell.swift in Sources */ = {isa = PBXBuildFile; fileRef = 002ABD031D47C178004D306D /* MealTableViewCell.swift */; };
		002ABD061D47CD9E004D306D /* MealTableViewController.swift in Sources */ = {isa = PBXBuildFile; fileRef = 002ABD051D47CD9E004D306D /* MealTableViewController.swift */; };
		00DF0E8E1D46821E003A372B /* RatingControl.swift in Sources */ = {isa = PBXBuildFile; fileRef = 00DF0E8D1D46821E003A372B /* RatingControl.swift */; };
		00F198C71D363AF300CD9B7A /* AppDelegate.swift in Sources */ = {isa = PBXBuildFile; fileRef = 00F198C61D363AF300CD9B7A /* AppDelegate.swift */; };
		00F198C91D363AF300CD9B7A /* ViewController.swift in Sources */ = {isa = PBXBuildFile; fileRef = 00F198C81D363AF300CD9B7A /* ViewController.swift */; };
		00F198CC1D363AF300CD9B7A /* Main.storyboard in Resources */ = {isa = PBXBuildFile; fileRef = 00F198CA1D363AF300CD9B7A /* Main.storyboard */; };
		00F198CE1D363AF300CD9B7A /* Assets.xcassets in Resources */ = {isa = PBXBuildFile; fileRef = 00F198CD1D363AF300CD9B7A /* Assets.xcassets */; };
		00F198D11D363AF300CD9B7A /* LaunchScreen.storyboard in Resources */ = {isa = PBXBuildFile; fileRef = 00F198CF1D363AF300CD9B7A /* LaunchScreen.storyboard */; };
		00F198DC1D363AF300CD9B7A /* FoodTrackerTests.swift in Sources */ = {isa = PBXBuildFile; fileRef = 00F198DB1D363AF300CD9B7A /* FoodTrackerTests.swift */; };
/* End PBXBuildFile section */

/* Begin PBXContainerItemProxy section */
		00F198D81D363AF300CD9B7A /* PBXContainerItemProxy */ = {
			isa = PBXContainerItemProxy;
			containerPortal = 00F198BB1D363AF200CD9B7A /* Project object */;
			proxyType = 1;
			remoteGlobalIDString = 00F198C21D363AF200CD9B7A;
			remoteInfo = FoodTracker;
		};
/* End PBXContainerItemProxy section */

/* Begin PBXFileReference section */
		002ABCFE1D47A1F7004D306D /* Meal.swift */ = {isa = PBXFileReference; fileEncoding = 4; lastKnownFileType = sourcecode.swift; path = Meal.swift; sourceTree = "<group>"; };
		002ABD031D47C178004D306D /* MealTableViewCell.swift */ = {isa = PBXFileReference; fileEncoding = 4; lastKnownFileType = sourcecode.swift; path = MealTableViewCell.swift; sourceTree = "<group>"; };
		002ABD051D47CD9E004D306D /* MealTableViewController.swift */ = {isa = PBXFileReference; fileEncoding = 4; lastKnownFileType = sourcecode.swift; path = MealTableViewController.swift; sourceTree = "<group>"; };
		00DF0E8D1D46821E003A372B /* RatingControl.swift */ = {isa = PBXFileReference; fileEncoding = 4; lastKnownFileType = sourcecode.swift; path = RatingControl.swift; sourceTree = "<group>"; };
		00F198C31D363AF200CD9B7A /* FoodTracker.app */ = {isa = PBXFileReference; explicitFileType = wrapper.application; includeInIndex = 0; path = FoodTracker.app; sourceTree = BUILT_PRODUCTS_DIR; };
		00F198C61D363AF300CD9B7A /* AppDelegate.swift */ = {isa = PBXFileReference; lastKnownFileType = sourcecode.swift; path = AppDelegate.swift; sourceTree = "<group>"; };
		00F198C81D363AF300CD9B7A /* ViewController.swift */ = {isa = PBXFileReference; lastKnownFileType = sourcecode.swift; path = ViewController.swift; sourceTree = "<group>"; };
		00F198CB1D363AF300CD9B7A /* Base */ = {isa = PBXFileReference; lastKnownFileType = file.storyboard; name = Base; path = Base.lproj/Main.storyboard; sourceTree = "<group>"; };
		00F198CD1D363AF300CD9B7A /* Assets.xcassets */ = {isa = PBXFileReference; lastKnownFileType = folder.assetcatalog; path = Assets.xcassets; sourceTree = "<group>"; };
		00F198D01D363AF300CD9B7A /* Base */ = {isa = PBXFileReference; lastKnownFileType = file.storyboard; name = Base; path = Base.lproj/LaunchScreen.storyboard; sourceTree = "<group>"; };
		00F198D21D363AF300CD9B7A /* Info.plist */ = {isa = PBXFileReference; lastKnownFileType = text.plist.xml; path = Info.plist; sourceTree = "<group>"; };
		00F198D71D363AF300CD9B7A /* FoodTrackerTests.xctest */ = {isa = PBXFileReference; explicitFileType = wrapper.cfbundle; includeInIndex = 0; path = FoodTrackerTests.xctest; sourceTree = BUILT_PRODUCTS_DIR; };
		00F198DB1D363AF300CD9B7A /* FoodTrackerTests.swift */ = {isa = PBXFileReference; lastKnownFileType = sourcecode.swift; path = FoodTrackerTests.swift; sourceTree = "<group>"; };
		00F198DD1D363AF300CD9B7A /* Info.plist */ = {isa = PBXFileReference; lastKnownFileType = text.plist.xml; path = Info.plist; sourceTree = "<group>"; };
/* End PBXFileReference section */

/* Begin PBXFrameworksBuildPhase section */
		00F198C01D363AF200CD9B7A /* Frameworks */ = {
			isa = PBXFrameworksBuildPhase;
			buildActionMask = 2147483647;
			files = (
			);
			runOnlyForDeploymentPostprocessing = 0;
		};
		00F198D41D363AF300CD9B7A /* Frameworks */ = {
			isa = PBXFrameworksBuildPhase;
			buildActionMask = 2147483647;
			files = (
			);
			runOnlyForDeploymentPostprocessing = 0;
		};
/* End PBXFrameworksBuildPhase section */

/* Begin PBXGroup section */
		00F198BA1D363AF200CD9B7A = {
			isa = PBXGroup;
			children = (
				00F198C51D363AF200CD9B7A /* FoodTracker */,
				00F198DA1D363AF300CD9B7A /* FoodTrackerTests */,
				00F198C41D363AF200CD9B7A /* Products */,
			);
			sourceTree = "<group>";
		};
		00F198C41D363AF200CD9B7A /* Products */ = {
			isa = PBXGroup;
			children = (
				00F198C31D363AF200CD9B7A /* FoodTracker.app */,
				00F198D71D363AF300CD9B7A /* FoodTrackerTests.xctest */,
			);
			name = Products;
			sourceTree = "<group>";
		};
		00F198C51D363AF200CD9B7A /* FoodTracker */ = {
			isa = PBXGroup;
			children = (
				00F198C61D363AF300CD9B7A /* AppDelegate.swift */,
				00F198C81D363AF300CD9B7A /* ViewController.swift */,
				00F198CA1D363AF300CD9B7A /* Main.storyboard */,
				00DF0E8D1D46821E003A372B /* RatingControl.swift */,
				00F198CD1D363AF300CD9B7A /* Assets.xcassets */,
				00F198CF1D363AF300CD9B7A /* LaunchScreen.storyboard */,
				00F198D21D363AF300CD9B7A /* Info.plist */,
				002ABCFE1D47A1F7004D306D /* Meal.swift */,
				002ABD031D47C178004D306D /* MealTableViewCell.swift */,
				002ABD051D47CD9E004D306D /* MealTableViewController.swift */,
			);
			path = FoodTracker;
			sourceTree = "<group>";
		};
		00F198DA1D363AF300CD9B7A /* FoodTrackerTests */ = {
			isa = PBXGroup;
			children = (
				00F198DB1D363AF300CD9B7A /* FoodTrackerTests.swift */,
				00F198DD1D363AF300CD9B7A /* Info.plist */,
			);
			path = FoodTrackerTests;
			sourceTree = "<group>";
		};
/* End PBXGroup section */

/* Begin PBXNativeTarget section */
		00F198C21D363AF200CD9B7A /* FoodTracker */ = {
			isa = PBXNativeTarget;
			buildConfigurationList = 00F198E01D363AF300CD9B7A /* Build configuration list for PBXNativeTarget "FoodTracker" */;
			buildPhases = (
				00F198BF1D363AF200CD9B7A /* Sources */,
				00F198C01D363AF200CD9B7A /* Frameworks */,
				00F198C11D363AF200CD9B7A /* Resources */,
			);
			buildRules = (
			);
			dependencies = (
			);
			name = FoodTracker;
			productName = FoodTracker;
			productReference = 00F198C31D363AF200CD9B7A /* FoodTracker.app */;
			productType = "com.apple.product-type.application";
		};
		00F198D61D363AF300CD9B7A /* FoodTrackerTests */ = {
			isa = PBXNativeTarget;
			buildConfigurationList = 00F198E31D363AF300CD9B7A /* Build configuration list for PBXNativeTarget "FoodTrackerTests" */;
			buildPhases = (
				00F198D31D363AF300CD9B7A /* Sources */,
				00F198D41D363AF300CD9B7A /* Frameworks */,
				00F198D51D363AF300CD9B7A /* Resources */,
			);
			buildRules = (
			);
			dependencies = (
				00F198D91D363AF300CD9B7A /* PBXTargetDependency */,
			);
			name = FoodTrackerTests;
			productName = FoodTrackerTests;
			productReference = 00F198D71D363AF300CD9B7A /* FoodTrackerTests.xctest */;
			productType = "com.apple.product-type.bundle.unit-test";
		};
/* End PBXNativeTarget section */

/* Begin PBXProject section */
		00F198BB1D363AF200CD9B7A /* Project object */ = {
			isa = PBXProject;
			attributes = {
				LastSwiftUpdateCheck = 0730;
				LastUpgradeCheck = 0730;
				ORGANIZATIONNAME = "Gordon RASS-KWASI";
				TargetAttributes = {
					00F198C21D363AF200CD9B7A = {
						CreatedOnToolsVersion = 7.3.1;
					};
					00F198D61D363AF300CD9B7A = {
						CreatedOnToolsVersion = 7.3.1;
						TestTargetID = 00F198C21D363AF200CD9B7A;
					};
				};
			};
			buildConfigurationList = 00F198BE1D363AF200CD9B7A /* Build configuration list for PBXProject "FoodTracker" */;
			compatibilityVersion = "Xcode 3.2";
			developmentRegion = English;
			hasScannedForEncodings = 0;
			knownRegions = (
				en,
				Base,
			);
			mainGroup = 00F198BA1D363AF200CD9B7A;
			productRefGroup = 00F198C41D363AF200CD9B7A /* Products */;
			projectDirPath = "";
			projectRoot = "";
			targets = (
				00F198C21D363AF200CD9B7A /* FoodTracker */,
				00F198D61D363AF300CD9B7A /* FoodTrackerTests */,
			);
		};
/* End PBXProject section */

/* Begin PBXResourcesBuildPhase section */
		00F198C11D363AF200CD9B7A /* Resources */ = {
			isa = PBXResourcesBuildPhase;
			buildActionMask = 2147483647;
			files = (
				00F198D11D363AF300CD9B7A /* LaunchScreen.storyboard in Resources */,
				00F198CE1D363AF300CD9B7A /* Assets.xcassets in Resources */,
				00F198CC1D363AF300CD9B7A /* Main.storyboard in Resources */,
			);
			runOnlyForDeploymentPostprocessing = 0;
		};
		00F198D51D363AF300CD9B7A /* Resources */ = {
			isa = PBXResourcesBuildPhase;
			buildActionMask = 2147483647;
			files = (
			);
			runOnlyForDeploymentPostprocessing = 0;
		};
/* End PBXResourcesBuildPhase section */

/* Begin PBXSourcesBuildPhase section */
		00F198BF1D363AF200CD9B7A /* Sources */ = {
			isa = PBXSourcesBuildPhase;
			buildActionMask = 2147483647;
			files = (
				002ABCFF1D47A1F7004D306D /* Meal.swift in Sources */,
				00F198C91D363AF300CD9B7A /* ViewController.swift in Sources */,
				00DF0E8E1D46821E003A372B /* RatingControl.swift in Sources */,
				00F198C71D363AF300CD9B7A /* AppDelegate.swift in Sources */,
				002ABD061D47CD9E004D306D /* MealTableViewController.swift in Sources */,
				002ABD041D47C178004D306D /* MealTableViewCell.swift in Sources */,
			);
			runOnlyForDeploymentPostprocessing = 0;
		};
		00F198D31D363AF300CD9B7A /* Sources */ = {
			isa = PBXSourcesBuildPhase;
			buildActionMask = 2147483647;
			files = (
				002ABD001D47A1F7004D306D /* Meal.swift in Sources */,
				00F198DC1D363AF300CD9B7A /* FoodTrackerTests.swift in Sources */,
			);
			runOnlyForDeploymentPostprocessing = 0;
		};
/* End PBXSourcesBuildPhase section */

/* Begin PBXTargetDependency section */
		00F198D91D363AF300CD9B7A /* PBXTargetDependency */ = {
			isa = PBXTargetDependency;
			target = 00F198C21D363AF200CD9B7A /* FoodTracker */;
			targetProxy = 00F198D81D363AF300CD9B7A /* PBXContainerItemProxy */;
		};
/* End PBXTargetDependency section */

/* Begin PBXVariantGroup section */
		00F198CA1D363AF300CD9B7A /* Main.storyboard */ = {
			isa = PBXVariantGroup;
			children = (
				00F198CB1D363AF300CD9B7A /* Base */,
			);
			name = Main.storyboard;
			sourceTree = "<group>";
		};
		00F198CF1D363AF300CD9B7A /* LaunchScreen.storyboard */ = {
			isa = PBXVariantGroup;
			children = (
				00F198D01D363AF300CD9B7A /* Base */,
			);
			name = LaunchScreen.storyboard;
			sourceTree = "<group>";
		};
/* End PBXVariantGroup section */

/* Begin XCBuildConfiguration section */
		00F198DE1D363AF300CD9B7A /* Debug */ = {
			isa = XCBuildConfiguration;
			buildSettings = {
				ALWAYS_SEARCH_USER_PATHS = NO;
				CLANG_ANALYZER_NONNULL = YES;
				CLANG_CXX_LANGUAGE_STANDARD = "gnu++0x";
				CLANG_CXX_LIBRARY = "libc++";
				CLANG_ENABLE_MODULES = YES;
				CLANG_ENABLE_OBJC_ARC = YES;
				CLANG_WARN_BOOL_CONVERSION = YES;
				CLANG_WARN_CONSTANT_CONVERSION = YES;
				CLANG_WARN_DIRECT_OBJC_ISA_USAGE = YES_ERROR;
				CLANG_WARN_EMPTY_BODY = YES;
				CLANG_WARN_ENUM_CONVERSION = YES;
				CLANG_WARN_INT_CONVERSION = YES;
				CLANG_WARN_OBJC_ROOT_CLASS = YES_ERROR;
				CLANG_WARN_UNREACHABLE_CODE = YES;
				CLANG_WARN__DUPLICATE_METHOD_MATCH = YES;
				"CODE_SIGN_IDENTITY[sdk=iphoneos*]" = "iPhone Developer";
				COPY_PHASE_STRIP = NO;
				DEBUG_INFORMATION_FORMAT = dwarf;
				ENABLE_STRICT_OBJC_MSGSEND = YES;
				ENABLE_TESTABILITY = YES;
				GCC_C_LANGUAGE_STANDARD = gnu99;
				GCC_DYNAMIC_NO_PIC = NO;
				GCC_NO_COMMON_BLOCKS = YES;
				GCC_OPTIMIZATION_LEVEL = 0;
				GCC_PREPROCESSOR_DEFINITIONS = (
					"DEBUG=1",
					"$(inherited)",
				);
				GCC_WARN_64_TO_32_BIT_CONVERSION = YES;
				GCC_WARN_ABOUT_RETURN_TYPE = YES_ERROR;
				GCC_WARN_UNDECLARED_SELECTOR = YES;
				GCC_WARN_UNINITIALIZED_AUTOS = YES_AGGRESSIVE;
				GCC_WARN_UNUSED_FUNCTION = YES;
				GCC_WARN_UNUSED_VARIABLE = YES;
				IPHONEOS_DEPLOYMENT_TARGET = 9.3;
				MTL_ENABLE_DEBUG_INFO = YES;
				ONLY_ACTIVE_ARCH = YES;
				SDKROOT = iphoneos;
				SWIFT_OPTIMIZATION_LEVEL = "-Onone";
				TARGETED_DEVICE_FAMILY = "1,2";
			};
			name = Debug;
		};
		00F198DF1D363AF300CD9B7A /* Release */ = {
			isa = XCBuildConfiguration;
			buildSettings = {
				ALWAYS_SEARCH_USER_PATHS = NO;
				CLANG_ANALYZER_NONNULL = YES;
				CLANG_CXX_LANGUAGE_STANDARD = "gnu++0x";
				CLANG_CXX_LIBRARY = "libc++";
				CLANG_ENABLE_MODULES = YES;
				CLANG_ENABLE_OBJC_ARC = YES;
				CLANG_WARN_BOOL_CONVERSION = YES;
				CLANG_WARN_CONSTANT_CONVERSION = YES;
				CLANG_WARN_DIRECT_OBJC_ISA_USAGE = YES_ERROR;
				CLANG_WARN_EMPTY_BODY = YES;
				CLANG_WARN_ENUM_CONVERSION = YES;
				CLANG_WARN_INT_CONVERSION = YES;
				CLANG_WARN_OBJC_ROOT_CLASS = YES_ERROR;
				CLANG_WARN_UNREACHABLE_CODE = YES;
				CLANG_WARN__DUPLICATE_METHOD_MATCH = YES;
				"CODE_SIGN_IDENTITY[sdk=iphoneos*]" = "iPhone Developer";
				COPY_PHASE_STRIP = NO;
				DEBUG_INFORMATION_FORMAT = "dwarf-with-dsym";
				ENABLE_NS_ASSERTIONS = NO;
				ENABLE_STRICT_OBJC_MSGSEND = YES;
				GCC_C_LANGUAGE_STANDARD = gnu99;
				GCC_NO_COMMON_BLOCKS = YES;
				GCC_WARN_64_TO_32_BIT_CONVERSION = YES;
				GCC_WARN_ABOUT_RETURN_TYPE = YES_ERROR;
				GCC_WARN_UNDECLARED_SELECTOR = YES;
				GCC_WARN_UNINITIALIZED_AUTOS = YES_AGGRESSIVE;
				GCC_WARN_UNUSED_FUNCTION = YES;
				GCC_WARN_UNUSED_VARIABLE = YES;
				IPHONEOS_DEPLOYMENT_TARGET = 9.3;
				MTL_ENABLE_DEBUG_INFO = NO;
				SDKROOT = iphoneos;
				TARGETED_DEVICE_FAMILY = "1,2";
				VALIDATE_PRODUCT = YES;
			};
			name = Release;
		};
		00F198E11D363AF300CD9B7A /* Debug */ = {
			isa = XCBuildConfiguration;
			buildSettings = {
				ASSETCATALOG_COMPILER_APPICON_NAME = AppIcon;
				INFOPLIST_FILE = FoodTracker/Info.plist;
				LD_RUNPATH_SEARCH_PATHS = "$(inherited) @executable_path/Frameworks";
				PRODUCT_BUNDLE_IDENTIFIER = com.example.FoodTracker;
				PRODUCT_NAME = "$(TARGET_NAME)";
			};
			name = Debug;
		};
		00F198E21D363AF300CD9B7A /* Release */ = {
			isa = XCBuildConfiguration;
			buildSettings = {
				ASSETCATALOG_COMPILER_APPICON_NAME = AppIcon;
				INFOPLIST_FILE = FoodTracker/Info.plist;
				LD_RUNPATH_SEARCH_PATHS = "$(inherited) @executable_path/Frameworks";
				PRODUCT_BUNDLE_IDENTIFIER = com.example.FoodTracker;
				PRODUCT_NAME = "$(TARGET_NAME)";
			};
			name = Release;
		};
		00F198E41D363AF300CD9B7A /* Debug */ = {
			isa = XCBuildConfiguration;
			buildSettings = {
				BUNDLE_LOADER = "$(TEST_HOST)";
				INFOPLIST_FILE = FoodTrackerTests/Info.plist;
				LD_RUNPATH_SEARCH_PATHS = "$(inherited) @executable_path/Frameworks @loader_path/Frameworks";
				PRODUCT_BUNDLE_IDENTIFIER = com.example.FoodTrackerTests;
				PRODUCT_NAME = "$(TARGET_NAME)";
				TEST_HOST = "$(BUILT_PRODUCTS_DIR)/FoodTracker.app/FoodTracker";
			};
			name = Debug;
		};
		00F198E51D363AF300CD9B7A /* Release */ = {
			isa = XCBuildConfiguration;
			buildSettings = {
				BUNDLE_LOADER = "$(TEST_HOST)";
				INFOPLIST_FILE = FoodTrackerTests/Info.plist;
				LD_RUNPATH_SEARCH_PATHS = "$(inherited) @executable_path/Frameworks @loader_path/Frameworks";
				PRODUCT_BUNDLE_IDENTIFIER = com.example.FoodTrackerTests;
				PRODUCT_NAME = "$(TARGET_NAME)";
				TEST_HOST = "$(BUILT_PRODUCTS_DIR)/FoodTracker.app/FoodTracker";
			};
			name = Release;
		};
/* End XCBuildConfiguration section */

/* Begin XCConfigurationList section */
		00F198BE1D363AF200CD9B7A /* Build configuration list for PBXProject "FoodTracker" */ = {
			isa = XCConfigurationList;
			buildConfigurations = (
				00F198DE1D363AF300CD9B7A /* Debug */,
				00F198DF1D363AF300CD9B7A /* Release */,
			);
			defaultConfigurationIsVisible = 0;
			defaultConfigurationName = Release;
		};
		00F198E01D363AF300CD9B7A /* Build configuration list for PBXNativeTarget "FoodTracker" */ = {
			isa = XCConfigurationList;
			buildConfigurations = (
				00F198E11D363AF300CD9B7A /* Debug */,
				00F198E21D363AF300CD9B7A /* Release */,
			);
			defaultConfigurationIsVisible = 0;
			defaultConfigurationName = Release;
		};
		00F198E31D363AF300CD9B7A /* Build configuration list for PBXNativeTarget "FoodTrackerTests" */ = {
			isa = XCConfigurationList;
			buildConfigurations = (
				00F198E41D363AF300CD9B7A /* Debug */,
				00F198E51D363AF300CD9B7A /* Release */,
			);
			defaultConfigurationIsVisible = 0;
			defaultConfigurationName = Release;
		};
/* End XCConfigurationList section */
	};
	rootObject = 00F198BB1D363AF200CD9B7A /* Project object */;
}
